
Microsoft Visual Studio Solution File, Format Version 12.00
# Visual Studio Version 16
VisualStudioVersion = 16.0.31129.286
MinimumVisualStudioVersion = 10.0.40219.1
Project("{FAE04EC0-301F-11D3-BF4B-00C04F79EFBC}") = "CODU.ai.interview.solution", "CODU.ai.interview.solution\CODU.ai.interview.solution.csproj", "{C56EDA4E-2F1E-4837-982B-865569CC9AC8}"
EndProject
Global
	GlobalSection(SolutionConfigurationPlatforms) = preSolution
		Debug|Any CPU = Debug|Any CPU
		Release|Any CPU = Release|Any CPU
	EndGlobalSection
	GlobalSection(ProjectConfigurationPlatforms) = postSolution
		{C56EDA4E-2F1E-4837-982B-865569CC9AC8}.Debug|Any CPU.ActiveCfg = Debug|Any CPU
		{C56EDA4E-2F1E-4837-982B-865569CC9AC8}.Debug|Any CPU.Build.0 = Debug|Any CPU
		{C56EDA4E-2F1E-4837-982B-865569CC9AC8}.Release|Any CPU.ActiveCfg = Release|Any CPU
		{C56EDA4E-2F1E-4837-982B-865569CC9AC8}.Release|Any CPU.Build.0 = Release|Any CPU
	EndGlobalSection
	GlobalSection(SolutionProperties) = preSolution
		HideSolutionNode = FALSE
	EndGlobalSection
	GlobalSection(ExtensibilityGlobals) = postSolution
		SolutionGuid = {284D5970-2507-479E-852B-D3E96589456E}
	EndGlobalSection
EndGlobal
